Microsoft Visual Studio Solution File, Format Version 12.00
# Visual Studio Version 17
VisualStudioVersion = 17.5.2.0
MinimumVisualStudioVersion = 10.0.40219.1
Project("{FAE04EC0-301F-11D3-BF4B-00C04F79EFBC}") = "CadastroPostgres", "CadastroPostgres\CadastroPostgres.csproj", "{A922DFCB-7FEE-AFA4-2389-52D05B603577}"
EndProject
Global
	GlobalSection(SolutionConfigurationPlatforms) = preSolution
		Debug|Any CPU = Debug|Any CPU
		Release|Any CPU = Release|Any CPU
	EndGlobalSection
	GlobalSection(ProjectConfigurationPlatforms) = postSolution
		{A922DFCB-7FEE-AFA4-2389-52D05B603577}.Debug|Any CPU.ActiveCfg = Debug|Any CPU
		{A922DFCB-7FEE-AFA4-2389-52D05B603577}.Debug|Any CPU.Build.0 = Debug|Any CPU
		{A922DFCB-7FEE-AFA4-2389-52D05B603577}.Release|Any CPU.ActiveCfg = Release|Any CPU
		{A922DFCB-7FEE-AFA4-2389-52D05B603577}.Release|Any CPU.Build.0 = Release|Any CPU
	EndGlobalSection
	GlobalSection(SolutionProperties) = preSolution
		HideSolutionNode = FALSE
	EndGlobalSection
	GlobalSection(ExtensibilityGlobals) = postSolution
		SolutionGuid = {54D1690D-4F50-4095-B338-3B39903C06F2}
	EndGlobalSection
EndGlobal
